
Microsoft Visual Studio Solution File, Format Version 12.00
# Visual Studio 15
VisualStudioVersion = 15.0.27130.2027
MinimumVisualStudioVersion = 10.0.40219.1
Project("{FAE04EC0-301F-11D3-BF4B-00C04F79EFBC}") = "IT1050 Final", "IT1050 Final\IT1050 Final.csproj", "{BFDAAD34-4F2F-46B4-8789-5C6D6C360E2E}"
EndProject
Global
	GlobalSection(SolutionConfigurationPlatforms) = preSolution
		Debug|Any CPU = Debug|Any CPU
		Release|Any CPU = Release|Any CPU
	EndGlobalSection
	GlobalSection(ProjectConfigurationPlatforms) = postSolution
		{BFDAAD34-4F2F-46B4-8789-5C6D6C360E2E}.Debug|Any CPU.ActiveCfg = Debug|Any CPU
		{BFDAAD34-4F2F-46B4-8789-5C6D6C360E2E}.Debug|Any CPU.Build.0 = Debug|Any CPU
		{BFDAAD34-4F2F-46B4-8789-5C6D6C360E2E}.Release|Any CPU.ActiveCfg = Release|Any CPU
		{BFDAAD34-4F2F-46B4-8789-5C6D6C360E2E}.Release|Any CPU.Build.0 = Release|Any CPU
	EndGlobalSection
	GlobalSection(SolutionProperties) = preSolution
		HideSolutionNode = FALSE
	EndGlobalSection
	GlobalSection(ExtensibilityGlobals) = postSolution
		SolutionGuid = {9CDFD08C-88BA-430F-86E5-118F45297AB3}
	EndGlobalSection
EndGlobal
